
Microsoft Visual Studio Solution File, Format Version 12.00
# Visual Studio 2013
VisualStudioVersion = 12.0.40629.0
MinimumVisualStudioVersion = 10.0.40219.1
Project("{8BC9CEB8-8B4A-11D0-8D11-00A0C91BC942}") = "libic", "libic\libic.vcxproj", "{D5778C57-4C21-474C-B1A3-F48AFCFE7089}"
EndProject
Global
	GlobalSection(SolutionConfigurationPlatforms) = preSolution
		Debug|Win32 = Debug|Win32
		Release|Win32 = Release|Win32
	EndGlobalSection
	GlobalSection(ProjectConfigurationPlatforms) = postSolution
		{D5778C57-4C21-474C-B1A3-F48AFCFE7089}.Debug|Win32.ActiveCfg = Debug|Win32
		{D5778C57-4C21-474C-B1A3-F48AFCFE7089}.Debug|Win32.Build.0 = Debug|Win32
		{D5778C57-4C21-474C-B1A3-F48AFCFE7089}.Release|Win32.ActiveCfg = Release|Win32
		{D5778C57-4C21-474C-B1A3-F48AFCFE7089}.Release|Win32.Build.0 = Release|Win32
	EndGlobalSection
	GlobalSection(SolutionProperties) = preSolution
		HideSolutionNode = FALSE
	EndGlobalSection
EndGlobal
