
Microsoft Visual Studio Solution File, Format Version 12.00
# Visual Studio 14
VisualStudioVersion = 14.0.25123.0
MinimumVisualStudioVersion = 10.0.40219.1
Project("{8BC9CEB8-8B4A-11D0-8D11-00A0C91BC942}") = "libic", "libic\libic_2015.vcxproj", "{D5778C57-4C21-474C-B1A3-F48AFCFE7089}"
EndProject
Project("{8BC9CEB8-8B4A-11D0-8D11-00A0C91BC942}") = "ic", "ic\ic_2015.vcxproj", "{B12702AD-ABFB-343A-A199-8E24837244A3}"
	ProjectSection(ProjectDependencies) = postProject
		{D5778C57-4C21-474C-B1A3-F48AFCFE7089} = {D5778C57-4C21-474C-B1A3-F48AFCFE7089}
		{E76C25A6-A82F-4A46-8F18-8EE730A120E4} = {E76C25A6-A82F-4A46-8F18-8EE730A120E4}
		{136A98B3-CD5F-2ECE-DC5C-930F5362C8A0} = {136A98B3-CD5F-2ECE-DC5C-930F5362C8A0}
	EndProjectSection
EndProject
Project("{8BC9CEB8-8B4A-11D0-8D11-00A0C91BC942}") = "dbc_extract", "dbc_extract\dbc_extract.vcxproj", "{5D21EB55-880A-4FF8-ABFC-3C251B881A8D}"
EndProject
Project("{8BC9CEB8-8B4A-11D0-8D11-00A0C91BC942}") = "irecrash", "irecrash\irecrash.vcxproj", "{E76C25A6-A82F-4A46-8F18-8EE730A120E4}"
EndProject
Project("{8BC9CEB8-8B4A-11D0-8D11-00A0C91BC942}") = "debug", "rde\Build\Win32\debug.vcxproj", "{136A98B3-CD5F-2ECE-DC5C-930F5362C8A0}"
EndProject
Global
	GlobalSection(SolutionConfigurationPlatforms) = preSolution
		Release|Win32 = Release|Win32
	EndGlobalSection
	GlobalSection(ProjectConfigurationPlatforms) = postSolution
		{D5778C57-4C21-474C-B1A3-F48AFCFE7089}.Release|Win32.ActiveCfg = Release|Win32
		{D5778C57-4C21-474C-B1A3-F48AFCFE7089}.Release|Win32.Build.0 = Release|Win32
		{B12702AD-ABFB-343A-A199-8E24837244A3}.Release|Win32.ActiveCfg = Release|Win32
		{B12702AD-ABFB-343A-A199-8E24837244A3}.Release|Win32.Build.0 = Release|Win32
		{5D21EB55-880A-4FF8-ABFC-3C251B881A8D}.Release|Win32.ActiveCfg = Release|Win32
		{5D21EB55-880A-4FF8-ABFC-3C251B881A8D}.Release|Win32.Build.0 = Release|Win32
		{E76C25A6-A82F-4A46-8F18-8EE730A120E4}.Release|Win32.ActiveCfg = Release|Win32
		{E76C25A6-A82F-4A46-8F18-8EE730A120E4}.Release|Win32.Build.0 = Release|Win32
		{136A98B3-CD5F-2ECE-DC5C-930F5362C8A0}.Release|Win32.ActiveCfg = Release|Win32
		{136A98B3-CD5F-2ECE-DC5C-930F5362C8A0}.Release|Win32.Build.0 = Release|Win32
	EndGlobalSection
	GlobalSection(SolutionProperties) = preSolution
		HideSolutionNode = FALSE
	EndGlobalSection
	GlobalSection(ExtensibilityGlobals) = postSolution
		Qt5Version = vc140qt5.7
	EndGlobalSection
EndGlobal
